
Microsoft Visual Studio Solution File, Format Version 12.00
# Visual Studio Version 17
VisualStudioVersion = 17.1.32407.343
MinimumVisualStudioVersion = 10.0.40219.1
Project("{FAE04EC0-301F-11D3-BF4B-00C04F79EFBC}") = "Minimal", "Minimal\Minimal.csproj", "{C40EC3B4-6C3D-4112-949A-D48E4DEC7DE8}"
EndProject
Global
	GlobalSection(SolutionConfigurationPlatforms) = preSolution
		Debug|Any CPU = Debug|Any CPU
		Release|Any CPU = Release|Any CPU
	EndGlobalSection
	GlobalSection(ProjectConfigurationPlatforms) = postSolution
		{C40EC3B4-6C3D-4112-949A-D48E4DEC7DE8}.Debug|Any CPU.ActiveCfg = Debug|Any CPU
		{C40EC3B4-6C3D-4112-949A-D48E4DEC7DE8}.Debug|Any CPU.Build.0 = Debug|Any CPU
		{C40EC3B4-6C3D-4112-949A-D48E4DEC7DE8}.Release|Any CPU.ActiveCfg = Release|Any CPU
		{C40EC3B4-6C3D-4112-949A-D48E4DEC7DE8}.Release|Any CPU.Build.0 = Release|Any CPU
	EndGlobalSection
	GlobalSection(SolutionProperties) = preSolution
		HideSolutionNode = FALSE
	EndGlobalSection
	GlobalSection(ExtensibilityGlobals) = postSolution
		SolutionGuid = {A45F4FC2-A96B-4DFF-A0E1-B12B38E51236}
	EndGlobalSection
EndGlobal
